
Microsoft Visual Studio Solution File, Format Version 12.00
# Visual Studio Version 17
VisualStudioVersion = 17.10.34928.147
MinimumVisualStudioVersion = 10.0.40219.1
Project("{FAE04EC0-301F-11D3-BF4B-00C04F79EFBC}") = "Abstract Classes and Methods", "Abstract Classes and Methods\Abstract Classes and Methods.csproj", "{FBA564A4-5731-4818-8F3B-88BC0945C9B3}"
EndProject
Global
	GlobalSection(SolutionConfigurationPlatforms) = preSolution
		Debug|Any CPU = Debug|Any CPU
		Release|Any CPU = Release|Any CPU
	EndGlobalSection
	GlobalSection(ProjectConfigurationPlatforms) = postSolution
		{FBA564A4-5731-4818-8F3B-88BC0945C9B3}.Debug|Any CPU.ActiveCfg = Debug|Any CPU
		{FBA564A4-5731-4818-8F3B-88BC0945C9B3}.Debug|Any CPU.Build.0 = Debug|Any CPU
		{FBA564A4-5731-4818-8F3B-88BC0945C9B3}.Release|Any CPU.ActiveCfg = Release|Any CPU
		{FBA564A4-5731-4818-8F3B-88BC0945C9B3}.Release|Any CPU.Build.0 = Release|Any CPU
	EndGlobalSection
	GlobalSection(SolutionProperties) = preSolution
		HideSolutionNode = FALSE
	EndGlobalSection
	GlobalSection(ExtensibilityGlobals) = postSolution
		SolutionGuid = {6CBFA12C-D5F7-4C12-8D51-C61F48FC5F04}
	EndGlobalSection
EndGlobal
