
Microsoft Visual Studio Solution File, Format Version 12.00
# Visual Studio Version 17
VisualStudioVersion = 17.10.34928.147
MinimumVisualStudioVersion = 10.0.40219.1
Project("{FAE04EC0-301F-11D3-BF4B-00C04F79EFBC}") = "Interfaces", "Interfaces\Interfaces.csproj", "{8E8C00CC-9B56-4C9A-B0DB-4A5E1AC1199C}"
EndProject
Global
	GlobalSection(SolutionConfigurationPlatforms) = preSolution
		Debug|Any CPU = Debug|Any CPU
		Release|Any CPU = Release|Any CPU
	EndGlobalSection
	GlobalSection(ProjectConfigurationPlatforms) = postSolution
		{8E8C00CC-9B56-4C9A-B0DB-4A5E1AC1199C}.Debug|Any CPU.ActiveCfg = Debug|Any CPU
		{8E8C00CC-9B56-4C9A-B0DB-4A5E1AC1199C}.Debug|Any CPU.Build.0 = Debug|Any CPU
		{8E8C00CC-9B56-4C9A-B0DB-4A5E1AC1199C}.Release|Any CPU.ActiveCfg = Release|Any CPU
		{8E8C00CC-9B56-4C9A-B0DB-4A5E1AC1199C}.Release|Any CPU.Build.0 = Release|Any CPU
	EndGlobalSection
	GlobalSection(SolutionProperties) = preSolution
		HideSolutionNode = FALSE
	EndGlobalSection
	GlobalSection(ExtensibilityGlobals) = postSolution
		SolutionGuid = {EBF59432-BC52-4C28-9A57-A20242231A33}
	EndGlobalSection
EndGlobal
